
Microsoft Visual Studio Solution File, Format Version 12.00
# Visual Studio Version 17
VisualStudioVersion = 17.9.34616.47
MinimumVisualStudioVersion = 10.0.40219.1
Project("{9A19103F-16F7-4668-BE54-9A1E7A4F7556}") = "Prisoners.Api", "Prisoners.Api.csproj", "{D89150AE-A1A3-41C9-8F8E-DEFEB8AA7A8C}"
EndProject
Project("{FAE04EC0-301F-11D3-BF4B-00C04F79EFBC}") = "Prisoners.Data", "..\Prisoners.Data\Prisoners.Data.csproj", "{202A8F1E-4B6D-4693-BF63-FB49980AC582}"
EndProject
Global
	GlobalSection(SolutionConfigurationPlatforms) = preSolution
		Debug|Any CPU = Debug|Any CPU
		Release|Any CPU = Release|Any CPU
	EndGlobalSection
	GlobalSection(ProjectConfigurationPlatforms) = postSolution
		{D89150AE-A1A3-41C9-8F8E-DEFEB8AA7A8C}.Debug|Any CPU.ActiveCfg = Debug|Any CPU
		{D89150AE-A1A3-41C9-8F8E-DEFEB8AA7A8C}.Debug|Any CPU.Build.0 = Debug|Any CPU
		{D89150AE-A1A3-41C9-8F8E-DEFEB8AA7A8C}.Release|Any CPU.ActiveCfg = Release|Any CPU
		{D89150AE-A1A3-41C9-8F8E-DEFEB8AA7A8C}.Release|Any CPU.Build.0 = Release|Any CPU
		{202A8F1E-4B6D-4693-BF63-FB49980AC582}.Debug|Any CPU.ActiveCfg = Debug|Any CPU
		{202A8F1E-4B6D-4693-BF63-FB49980AC582}.Debug|Any CPU.Build.0 = Debug|Any CPU
		{202A8F1E-4B6D-4693-BF63-FB49980AC582}.Release|Any CPU.ActiveCfg = Release|Any CPU
		{202A8F1E-4B6D-4693-BF63-FB49980AC582}.Release|Any CPU.Build.0 = Release|Any CPU
	EndGlobalSection
	GlobalSection(SolutionProperties) = preSolution
		HideSolutionNode = FALSE
	EndGlobalSection
	GlobalSection(ExtensibilityGlobals) = postSolution
		SolutionGuid = {8ABF4AFC-B1BC-4954-B506-B5DF4AC7057F}
	EndGlobalSection
EndGlobal
